
Microsoft Visual Studio Solution File, Format Version 12.00
# Visual Studio 15
VisualStudioVersion = 15.0.27130.2026
MinimumVisualStudioVersion = 10.0.40219.1
Project("{9A19103F-16F7-4668-BE54-9A1E7A4F7556}") = "LibraryWebUI", "LibraryWebUI\LibraryWebUI.csproj", "{09B7C007-AB5A-439F-B3AD-C4F81A5465EA}"
EndProject
Project("{9A19103F-16F7-4668-BE54-9A1E7A4F7556}") = "LibraryData", "LibraryData\LibraryData.csproj", "{6A72CEF6-D659-457A-9ADA-D1D03A96EF0C}"
EndProject
Project("{FAE04EC0-301F-11D3-BF4B-00C04F79EFBC}") = "LibraryService", "LibraryService\LibraryService.csproj", "{FC663677-16E1-444D-ADBB-34B28419FC32}"
EndProject
Global
	GlobalSection(SolutionConfigurationPlatforms) = preSolution
		Debug|Any CPU = Debug|Any CPU
		Release|Any CPU = Release|Any CPU
	EndGlobalSection
	GlobalSection(ProjectConfigurationPlatforms) = postSolution
		{09B7C007-AB5A-439F-B3AD-C4F81A5465EA}.Debug|Any CPU.ActiveCfg = Debug|Any CPU
		{09B7C007-AB5A-439F-B3AD-C4F81A5465EA}.Debug|Any CPU.Build.0 = Debug|Any CPU
		{09B7C007-AB5A-439F-B3AD-C4F81A5465EA}.Release|Any CPU.ActiveCfg = Release|Any CPU
		{09B7C007-AB5A-439F-B3AD-C4F81A5465EA}.Release|Any CPU.Build.0 = Release|Any CPU
		{6A72CEF6-D659-457A-9ADA-D1D03A96EF0C}.Debug|Any CPU.ActiveCfg = Debug|Any CPU
		{6A72CEF6-D659-457A-9ADA-D1D03A96EF0C}.Debug|Any CPU.Build.0 = Debug|Any CPU
		{6A72CEF6-D659-457A-9ADA-D1D03A96EF0C}.Release|Any CPU.ActiveCfg = Release|Any CPU
		{6A72CEF6-D659-457A-9ADA-D1D03A96EF0C}.Release|Any CPU.Build.0 = Release|Any CPU
		{FC663677-16E1-444D-ADBB-34B28419FC32}.Debug|Any CPU.ActiveCfg = Debug|Any CPU
		{FC663677-16E1-444D-ADBB-34B28419FC32}.Debug|Any CPU.Build.0 = Debug|Any CPU
		{FC663677-16E1-444D-ADBB-34B28419FC32}.Release|Any CPU.ActiveCfg = Release|Any CPU
		{FC663677-16E1-444D-ADBB-34B28419FC32}.Release|Any CPU.Build.0 = Release|Any CPU
	EndGlobalSection
	GlobalSection(SolutionProperties) = preSolution
		HideSolutionNode = FALSE
	EndGlobalSection
	GlobalSection(ExtensibilityGlobals) = postSolution
		SolutionGuid = {4BF9A419-866D-4B13-AC26-D3404BC97A89}
	EndGlobalSection
EndGlobal
